
Microsoft Visual Studio Solution File, Format Version 12.00
# Visual Studio 14
VisualStudioVersion = 14.0.25123.0
MinimumVisualStudioVersion = 10.0.40219.1
Project("{FAE04EC0-301F-11D3-BF4B-00C04F79EFBC}") = "HashTableAlgo", "HashTableAlgo\HashTableAlgo.csproj", "{D7A84080-F5B0-4724-A321-D86802C09507}"
EndProject
Project("{2150E333-8FDC-42A3-9474-1A3956D46DE8}") = "solution items", "solution items", "{DBFB3C7C-474E-4677-8F5C-A2504A3B0FA4}"
	ProjectSection(SolutionItems) = preProject
		.gitignore = .gitignore
	EndProjectSection
EndProject
Global
	GlobalSection(SolutionConfigurationPlatforms) = preSolution
		Debug|Any CPU = Debug|Any CPU
		Release|Any CPU = Release|Any CPU
	EndGlobalSection
	GlobalSection(ProjectConfigurationPlatforms) = postSolution
		{D7A84080-F5B0-4724-A321-D86802C09507}.Debug|Any CPU.ActiveCfg = Debug|Any CPU
		{D7A84080-F5B0-4724-A321-D86802C09507}.Debug|Any CPU.Build.0 = Debug|Any CPU
		{D7A84080-F5B0-4724-A321-D86802C09507}.Release|Any CPU.ActiveCfg = Release|Any CPU
		{D7A84080-F5B0-4724-A321-D86802C09507}.Release|Any CPU.Build.0 = Release|Any CPU
	EndGlobalSection
	GlobalSection(SolutionProperties) = preSolution
		HideSolutionNode = FALSE
	EndGlobalSection
EndGlobal
